// !$*UTF8*$!
{
	archiveVersion = 1;
	classes = {
	};
	objectVersion = 50;
	objects = {

/* Begin PBXBuildFile section */
		ECD5DC25248FDDE500077865 /* AppDelegate.swift in Sources */ = {isa = PBXBuildFile; fileRef = ECD5DC24248FDDE500077865 /* AppDelegate.swift */; };
		ECD5DC27248FDDE500077865 /* SceneDelegate.swift in Sources */ = {isa = PBXBuildFile; fileRef = ECD5DC26248FDDE500077865 /* SceneDelegate.swift */; };
		ECD5DC29248FDDE500077865 /* CameraVC.swift in Sources */ = {isa = PBXBuildFile; fileRef = ECD5DC28248FDDE500077865 /* CameraVC.swift */; };
		ECD5DC2C248FDDE500077865 /* Main.storyboard in Resources */ = {isa = PBXBuildFile; fileRef = ECD5DC2A248FDDE500077865 /* Main.storyboard */; };
		ECD5DC2E248FDDF000077865 /* Assets.xcassets in Resources */ = {isa = PBXBuildFile; fileRef = ECD5DC2D248FDDF000077865 /* Assets.xcassets */; };
		ECD5DC31248FDDF000077865 /* LaunchScreen.storyboard in Resources */ = {isa = PBXBuildFile; fileRef = ECD5DC2F248FDDF000077865 /* LaunchScreen.storyboard */; };
		ECD5DC3C248FE37F00077865 /* RoundedShadowView.swift in Sources */ = {isa = PBXBuildFile; fileRef = ECD5DC3B248FE37F00077865 /* RoundedShadowView.swift */; };
		ECD5DC3E248FE47700077865 /* RoundedShadowButton.swift in Sources */ = {isa = PBXBuildFile; fileRef = ECD5DC3D248FE47700077865 /* RoundedShadowButton.swift */; };
		ECD5DC40248FE4DB00077865 /* RoundedShadowImageView.swift in Sources */ = {isa = PBXBuildFile; fileRef = ECD5DC3F248FE4DB00077865 /* RoundedShadowImageView.swift */; };
/* End PBXBuildFile section */

/* Begin PBXFileReference section */
		ECD5DC21248FDDE400077865 /* VisionApp.app */ = {isa = PBXFileReference; explicitFileType = wrapper.application; includeInIndex = 0; path = VisionApp.app; sourceTree = BUILT_PRODUCTS_DIR; };
		ECD5DC24248FDDE500077865 /* AppDelegate.swift */ = {isa = PBXFileReference; lastKnownFileType = sourcecode.swift; path = AppDelegate.swift; sourceTree = "<group>"; };
		ECD5DC26248FDDE500077865 /* SceneDelegate.swift */ = {isa = PBXFileReference; lastKnownFileType = sourcecode.swift; path = SceneDelegate.swift; sourceTree = "<group>"; };
		ECD5DC28248FDDE500077865 /* CameraVC.swift */ = {isa = PBXFileReference; lastKnownFileType = sourcecode.swift; path = CameraVC.swift; sourceTree = "<group>"; };
		ECD5DC2B248FDDE500077865 /* Base */ = {isa = PBXFileReference; lastKnownFileType = file.storyboard; name = Base; path = Base.lproj/Main.storyboard; sourceTree = "<group>"; };
		ECD5DC2D248FDDF000077865 /* Assets.xcassets */ = {isa = PBXFileReference; lastKnownFileType = folder.assetcatalog; path = Assets.xcassets; sourceTree = "<group>"; };
		ECD5DC30248FDDF000077865 /* Base */ = {isa = PBXFileReference; lastKnownFileType = file.storyboard; name = Base; path = Base.lproj/LaunchScreen.storyboard; sourceTree = "<group>"; };
		ECD5DC32248FDDF000077865 /* Info.plist */ = {isa = PBXFileReference; lastKnownFileType = text.plist.xml; path = Info.plist; sourceTree = "<group>"; };
		ECD5DC3B248FE37F00077865 /* RoundedShadowView.swift */ = {isa = PBXFileReference; lastKnownFileType = sourcecode.swift; path = RoundedShadowView.swift; sourceTree = "<group>"; };
		ECD5DC3D248FE47700077865 /* RoundedShadowButton.swift */ = {isa = PBXFileReference; lastKnownFileType = sourcecode.swift; path = RoundedShadowButton.swift; sourceTree = "<group>"; };
		ECD5DC3F248FE4DB00077865 /* RoundedShadowImageView.swift */ = {isa = PBXFileReference; lastKnownFileType = sourcecode.swift; path = RoundedShadowImageView.swift; sourceTree = "<group>"; };
/* End PBXFileReference section */

/* Begin PBXFrameworksBuildPhase section */
		ECD5DC1E248FDDE400077865 /* Frameworks */ = {
			isa = PBXFrameworksBuildPhase;
			buildActionMask = 2147483647;
			files = (
			);
			runOnlyForDeploymentPostprocessing = 0;
		};
/* End PBXFrameworksBuildPhase section */

/* Begin PBXGroup section */
		ECD5DC18248FDDE400077865 = {
			isa = PBXGroup;
			children = (
				ECD5DC23248FDDE500077865 /* VisionApp */,
				ECD5DC22248FDDE400077865 /* Products */,
			);
			sourceTree = "<group>";
		};
		ECD5DC22248FDDE400077865 /* Products */ = {
			isa = PBXGroup;
			children = (
				ECD5DC21248FDDE400077865 /* VisionApp.app */,
			);
			name = Products;
			sourceTree = "<group>";
		};
		ECD5DC23248FDDE500077865 /* VisionApp */ = {
			isa = PBXGroup;
			children = (
				ECD5DC3A248FDE2500077865 /* Resources */,
				ECD5DC39248FDE1D00077865 /* View */,
				ECD5DC38248FDE1700077865 /* Contrtoller */,
				ECD5DC24248FDDE500077865 /* AppDelegate.swift */,
				ECD5DC26248FDDE500077865 /* SceneDelegate.swift */,
				ECD5DC2A248FDDE500077865 /* Main.storyboard */,
				ECD5DC2D248FDDF000077865 /* Assets.xcassets */,
				ECD5DC2F248FDDF000077865 /* LaunchScreen.storyboard */,
				ECD5DC32248FDDF000077865 /* Info.plist */,
			);
			path = VisionApp;
			sourceTree = "<group>";
		};
		ECD5DC38248FDE1700077865 /* Contrtoller */ = {
			isa = PBXGroup;
			children = (
				ECD5DC28248FDDE500077865 /* CameraVC.swift */,
			);
			path = Contrtoller;
			sourceTree = "<group>";
		};
		ECD5DC39248FDE1D00077865 /* View */ = {
			isa = PBXGroup;
			children = (
				ECD5DC3B248FE37F00077865 /* RoundedShadowView.swift */,
				ECD5DC3D248FE47700077865 /* RoundedShadowButton.swift */,
				ECD5DC3F248FE4DB00077865 /* RoundedShadowImageView.swift */,
			);
			path = View;
			sourceTree = "<group>";
		};
		ECD5DC3A248FDE2500077865 /* Resources */ = {
			isa = PBXGroup;
			children = (
			);
			path = Resources;
			sourceTree = "<group>";
		};
/* End PBXGroup section */

/* Begin PBXNativeTarget section */
		ECD5DC20248FDDE400077865 /* VisionApp */ = {
			isa = PBXNativeTarget;
			buildConfigurationList = ECD5DC35248FDDF000077865 /* Build configuration list for PBXNativeTarget "VisionApp" */;
			buildPhases = (
				ECD5DC1D248FDDE400077865 /* Sources */,
				ECD5DC1E248FDDE400077865 /* Frameworks */,
				ECD5DC1F248FDDE400077865 /* Resources */,
			);
			buildRules = (
			);
			dependencies = (
			);
			name = VisionApp;
			productName = VisionApp;
			productReference = ECD5DC21248FDDE400077865 /* VisionApp.app */;
			productType = "com.apple.product-type.application";
		};
/* End PBXNativeTarget section */

/* Begin PBXProject section */
		ECD5DC19248FDDE400077865 /* Project object */ = {
			isa = PBXProject;
			attributes = {
				LastSwiftUpdateCheck = 1150;
				LastUpgradeCheck = 1150;
				ORGANIZATIONNAME = DEVX;
				TargetAttributes = {
					ECD5DC20248FDDE400077865 = {
						CreatedOnToolsVersion = 11.5;
					};
				};
			};
			buildConfigurationList = ECD5DC1C248FDDE400077865 /* Build configuration list for PBXProject "VisionApp" */;
			compatibilityVersion = "Xcode 9.3";
			developmentRegion = en;
			hasScannedForEncodings = 0;
			knownRegions = (
				en,
				Base,
			);
			mainGroup = ECD5DC18248FDDE400077865;
			productRefGroup = ECD5DC22248FDDE400077865 /* Products */;
			projectDirPath = "";
			projectRoot = "";
			targets = (
				ECD5DC20248FDDE400077865 /* VisionApp */,
			);
		};
/* End PBXProject section */

/* Begin PBXResourcesBuildPhase section */
		ECD5DC1F248FDDE400077865 /* Resources */ = {
			isa = PBXResourcesBuildPhase;
			buildActionMask = 2147483647;
			files = (
				ECD5DC31248FDDF000077865 /* LaunchScreen.storyboard in Resources */,
				ECD5DC2E248FDDF000077865 /* Assets.xcassets in Resources */,
				ECD5DC2C248FDDE500077865 /* Main.storyboard in Resources */,
			);
			runOnlyForDeploymentPostprocessing = 0;
		};
/* End PBXResourcesBuildPhase section */

/* Begin PBXSourcesBuildPhase section */
		ECD5DC1D248FDDE400077865 /* Sources */ = {
			isa = PBXSourcesBuildPhase;
			buildActionMask = 2147483647;
			files = (
				ECD5DC3C248FE37F00077865 /* RoundedShadowView.swift in Sources */,
				ECD5DC3E248FE47700077865 /* RoundedShadowButton.swift in Sources */,
				ECD5DC29248FDDE500077865 /* CameraVC.swift in Sources */,
				ECD5DC25248FDDE500077865 /* AppDelegate.swift in Sources */,
				ECD5DC40248FE4DB00077865 /* RoundedShadowImageView.swift in Sources */,
				ECD5DC27248FDDE500077865 /* SceneDelegate.swift in Sources */,
			);
			runOnlyForDeploymentPostprocessing = 0;
		};
/* End PBXSourcesBuildPhase section */

/* Begin PBXVariantGroup section */
		ECD5DC2A248FDDE500077865 /* Main.storyboard */ = {
			isa = PBXVariantGroup;
			children = (
				ECD5DC2B248FDDE500077865 /* Base */,
			);
			name = Main.storyboard;
			sourceTree = "<group>";
		};
		ECD5DC2F248FDDF000077865 /* LaunchScreen.storyboard */ = {
			isa = PBXVariantGroup;
			children = (
				ECD5DC30248FDDF000077865 /* Base */,
			);
			name = LaunchScreen.storyboard;
			sourceTree = "<group>";
		};
/* End PBXVariantGroup section */

/* Begin XCBuildConfiguration section */
		ECD5DC33248FDDF000077865 /* Debug */ = {
			isa = XCBuildConfiguration;
			buildSettings = {
				ALWAYS_SEARCH_USER_PATHS = NO;
				CLANG_ANALYZER_NONNULL = YES;
				CLANG_ANALYZER_NUMBER_OBJECT_CONVERSION = YES_AGGRESSIVE;
				CLANG_CXX_LANGUAGE_STANDARD = "gnu++14";
				CLANG_CXX_LIBRARY = "libc++";
				CLANG_ENABLE_MODULES = YES;
				CLANG_ENABLE_OBJC_ARC = YES;
				CLANG_ENABLE_OBJC_WEAK = YES;
				CLANG_WARN_BLOCK_CAPTURE_AUTORELEASING = YES;
				CLANG_WARN_BOOL_CONVERSION = YES;
				CLANG_WARN_COMMA = YES;
				CLANG_WARN_CONSTANT_CONVERSION = YES;
				CLANG_WARN_DEPRECATED_OBJC_IMPLEMENTATIONS = YES;
				CLANG_WARN_DIRECT_OBJC_ISA_USAGE = YES_ERROR;
				CLANG_WARN_DOCUMENTATION_COMMENTS = YES;
				CLANG_WARN_EMPTY_BODY = YES;
				CLANG_WARN_ENUM_CONVERSION = YES;
				CLANG_WARN_INFINITE_RECURSION = YES;
				CLANG_WARN_INT_CONVERSION = YES;
				CLANG_WARN_NON_LITERAL_NULL_CONVERSION = YES;
				CLANG_WARN_OBJC_IMPLICIT_RETAIN_SELF = YES;
				CLANG_WARN_OBJC_LITERAL_CONVERSION = YES;
				CLANG_WARN_OBJC_ROOT_CLASS = YES_ERROR;
				CLANG_WARN_RANGE_LOOP_ANALYSIS = YES;
				CLANG_WARN_STRICT_PROTOTYPES = YES;
				CLANG_WARN_SUSPICIOUS_MOVE = YES;
				CLANG_WARN_UNGUARDED_AVAILABILITY = YES_AGGRESSIVE;
				CLANG_WARN_UNREACHABLE_CODE = YES;
				CLANG_WARN__DUPLICATE_METHOD_MATCH = YES;
				COPY_PHASE_STRIP = NO;
				DEBUG_INFORMATION_FORMAT = dwarf;
				ENABLE_STRICT_OBJC_MSGSEND = YES;
				ENABLE_TESTABILITY = YES;
				GCC_C_LANGUAGE_STANDARD = gnu11;
				GCC_DYNAMIC_NO_PIC = NO;
				GCC_NO_COMMON_BLOCKS = YES;
				GCC_OPTIMIZATION_LEVEL = 0;
				GCC_PREPROCESSOR_DEFINITIONS = (
					"DEBUG=1",
					"$(inherited)",
				);
				GCC_WARN_64_TO_32_BIT_CONVERSION = YES;
				GCC_WARN_ABOUT_RETURN_TYPE = YES_ERROR;
				GCC_WARN_UNDECLARED_SELECTOR = YES;
				GCC_WARN_UNINITIALIZED_AUTOS = YES_AGGRESSIVE;
				GCC_WARN_UNUSED_FUNCTION = YES;
				GCC_WARN_UNUSED_VARIABLE = YES;
				IPHONEOS_DEPLOYMENT_TARGET = 13.5;
				MTL_ENABLE_DEBUG_INFO = INCLUDE_SOURCE;
				MTL_FAST_MATH = YES;
				ONLY_ACTIVE_ARCH = YES;
				SDKROOT = iphoneos;
				SWIFT_ACTIVE_COMPILATION_CONDITIONS = DEBUG;
				SWIFT_OPTIMIZATION_LEVEL = "-Onone";
			};
			name = Debug;
		};
		ECD5DC34248FDDF000077865 /* Release */ = {
			isa = XCBuildConfiguration;
			buildSettings = {
				ALWAYS_SEARCH_USER_PATHS = NO;
				CLANG_ANALYZER_NONNULL = YES;
				CLANG_ANALYZER_NUMBER_OBJECT_CONVERSION = YES_AGGRESSIVE;
				CLANG_CXX_LANGUAGE_STANDARD = "gnu++14";
				CLANG_CXX_LIBRARY = "libc++";
				CLANG_ENABLE_MODULES = YES;
				CLANG_ENABLE_OBJC_ARC = YES;
				CLANG_ENABLE_OBJC_WEAK = YES;
				CLANG_WARN_BLOCK_CAPTURE_AUTORELEASING = YES;
				CLANG_WARN_BOOL_CONVERSION = YES;
				CLANG_WARN_COMMA = YES;
				CLANG_WARN_CONSTANT_CONVERSION = YES;
				CLANG_WARN_DEPRECATED_OBJC_IMPLEMENTATIONS = YES;
				CLANG_WARN_DIRECT_OBJC_ISA_USAGE = YES_ERROR;
				CLANG_WARN_DOCUMENTATION_COMMENTS = YES;
				CLANG_WARN_EMPTY_BODY = YES;
				CLANG_WARN_ENUM_CONVERSION = YES;
				CLANG_WARN_INFINITE_RECURSION = YES;
				CLANG_WARN_INT_CONVERSION = YES;
				CLANG_WARN_NON_LITERAL_NULL_CONVERSION = YES;
				CLANG_WARN_OBJC_IMPLICIT_RETAIN_SELF = YES;
				CLANG_WARN_OBJC_LITERAL_CONVERSION = YES;
				CLANG_WARN_OBJC_ROOT_CLASS = YES_ERROR;
				CLANG_WARN_RANGE_LOOP_ANALYSIS = YES;
				CLANG_WARN_STRICT_PROTOTYPES = YES;
				CLANG_WARN_SUSPICIOUS_MOVE = YES;
				CLANG_WARN_UNGUARDED_AVAILABILITY = YES_AGGRESSIVE;
				CLANG_WARN_UNREACHABLE_CODE = YES;
				CLANG_WARN__DUPLICATE_METHOD_MATCH = YES;
				COPY_PHASE_STRIP = NO;
				DEBUG_INFORMATION_FORMAT = "dwarf-with-dsym";
				ENABLE_NS_ASSERTIONS = NO;
				ENABLE_STRICT_OBJC_MSGSEND = YES;
				GCC_C_LANGUAGE_STANDARD = gnu11;
				GCC_NO_COMMON_BLOCKS = YES;
				GCC_WARN_64_TO_32_BIT_CONVERSION = YES;
				GCC_WARN_ABOUT_RETURN_TYPE = YES_ERROR;
				GCC_WARN_UNDECLARED_SELECTOR = YES;
				GCC_WARN_UNINITIALIZED_AUTOS = YES_AGGRESSIVE;
				GCC_WARN_UNUSED_FUNCTION = YES;
				GCC_WARN_UNUSED_VARIABLE = YES;
				IPHONEOS_DEPLOYMENT_TARGET = 13.5;
				MTL_ENABLE_DEBUG_INFO = NO;
				MTL_FAST_MATH = YES;
				SDKROOT = iphoneos;
				SWIFT_COMPILATION_MODE = wholemodule;
				SWIFT_OPTIMIZATION_LEVEL = "-O";
				VALIDATE_PRODUCT = YES;
			};
			name = Release;
		};
		ECD5DC36248FDDF000077865 /* Debug */ = {
			isa = XCBuildConfiguration;
			buildSettings = {
				ASSETCATALOG_COMPILER_APPICON_NAME = AppIcon;
				CODE_SIGN_STYLE = Automatic;
				DEVELOPMENT_TEAM = RCL53DPK25;
				INFOPLIST_FILE = VisionApp/Info.plist;
				IPHONEOS_DEPLOYMENT_TARGET = 13.0;
				LD_RUNPATH_SEARCH_PATHS = (
					"$(inherited)",
					"@executable_path/Frameworks",
				);
				PRODUCT_BUNDLE_IDENTIFIER = com.devx.VisionApp;
				PRODUCT_NAME = "$(TARGET_NAME)";
				SWIFT_VERSION = 5.0;
				TARGETED_DEVICE_FAMILY = "1,2";
			};
			name = Debug;
		};
		ECD5DC37248FDDF000077865 /* Release */ = {
			isa = XCBuildConfiguration;
			buildSettings = {
				ASSETCATALOG_COMPILER_APPICON_NAME = AppIcon;
				CODE_SIGN_STYLE = Automatic;
				DEVELOPMENT_TEAM = RCL53DPK25;
				INFOPLIST_FILE = VisionApp/Info.plist;
				IPHONEOS_DEPLOYMENT_TARGET = 13.0;
				LD_RUNPATH_SEARCH_PATHS = (
					"$(inherited)",
					"@executable_path/Frameworks",
				);
				PRODUCT_BUNDLE_IDENTIFIER = com.devx.VisionApp;
				PRODUCT_NAME = "$(TARGET_NAME)";
				SWIFT_VERSION = 5.0;
				TARGETED_DEVICE_FAMILY = "1,2";
			};
			name = Release;
		};
/* End XCBuildConfiguration section */

/* Begin XCConfigurationList section */
		ECD5DC1C248FDDE400077865 /* Build configuration list for PBXProject "VisionApp" */ = {
			isa = XCConfigurationList;
			buildConfigurations = (
				ECD5DC33248FDDF000077865 /* Debug */,
				ECD5DC34248FDDF000077865 /* Release */,
			);
			defaultConfigurationIsVisible = 0;
			defaultConfigurationName = Release;
		};
		ECD5DC35248FDDF000077865 /* Build configuration list for PBXNativeTarget "VisionApp" */ = {
			isa = XCConfigurationList;
			buildConfigurations = (
				ECD5DC36248FDDF000077865 /* Debug */,
				ECD5DC37248FDDF000077865 /* Release */,
			);
			defaultConfigurationIsVisible = 0;
			defaultConfigurationName = Release;
		};
/* End XCConfigurationList section */
	};
	rootObject = ECD5DC19248FDDE400077865 /* Project object */;
}
